
Microsoft Visual Studio Solution File, Format Version 12.00
# Visual Studio Version 17
VisualStudioVersion = 17.14.36327.8
MinimumVisualStudioVersion = 10.0.40219.1
Project("{FAE04EC0-301F-11D3-BF4B-00C04F79EFBC}") = "WorktoCome1", "WorktoCome1\WorktoCome1.csproj", "{B1BBE2BB-CDDA-4868-A0AC-A3F7D1613A59}"
EndProject
Project("{FAE04EC0-301F-11D3-BF4B-00C04F79EFBC}") = "EtherCATFunction", "EtherCATFunction\EtherCATFunction.csproj", "{7E689C66-B1B0-4AD0-9788-D5AC454B94DF}"
EndProject
Global
	GlobalSection(SolutionConfigurationPlatforms) = preSolution
		Debug|Any CPU = Debug|Any CPU
		Release|Any CPU = Release|Any CPU
	EndGlobalSection
	GlobalSection(ProjectConfigurationPlatforms) = postSolution
		{B1BBE2BB-CDDA-4868-A0AC-A3F7D1613A59}.Debug|Any CPU.ActiveCfg = Debug|Any CPU
		{B1BBE2BB-CDDA-4868-A0AC-A3F7D1613A59}.Debug|Any CPU.Build.0 = Debug|Any CPU
		{B1BBE2BB-CDDA-4868-A0AC-A3F7D1613A59}.Release|Any CPU.ActiveCfg = Release|Any CPU
		{B1BBE2BB-CDDA-4868-A0AC-A3F7D1613A59}.Release|Any CPU.Build.0 = Release|Any CPU
		{7E689C66-B1B0-4AD0-9788-D5AC454B94DF}.Debug|Any CPU.ActiveCfg = Debug|Any CPU
		{7E689C66-B1B0-4AD0-9788-D5AC454B94DF}.Debug|Any CPU.Build.0 = Debug|Any CPU
		{7E689C66-B1B0-4AD0-9788-D5AC454B94DF}.Release|Any CPU.ActiveCfg = Release|Any CPU
		{7E689C66-B1B0-4AD0-9788-D5AC454B94DF}.Release|Any CPU.Build.0 = Release|Any CPU
	EndGlobalSection
	GlobalSection(SolutionProperties) = preSolution
		HideSolutionNode = FALSE
	EndGlobalSection
	GlobalSection(ExtensibilityGlobals) = postSolution
		SolutionGuid = {7B3B617C-9D60-47A5-9C27-D12B94E37FF8}
	EndGlobalSection
EndGlobal
